
Microsoft Visual Studio Solution File, Format Version 12.00
# Visual Studio Version 17
VisualStudioVersion = 17.11.35312.102
MinimumVisualStudioVersion = 10.0.40219.1
Project("{8BC9CEB8-8B4A-11D0-8D11-00A0C91BC942}") = "Sandbox", "Sandbox\Sandbox.vcxproj", "{27F35B8D-F2DC-4730-902A-539318F7EC73}"
EndProject
Project("{8BC9CEB8-8B4A-11D0-8D11-00A0C91BC942}") = "Hazel", "Hazel\Hazel.vcxproj", "{1AC79A11-E2A1-44AB-B596-681A78784752}"
EndProject
Global
	GlobalSection(SolutionConfigurationPlatforms) = preSolution
		Debug|x64 = Debug|x64
		Release|x64 = Release|x64
	EndGlobalSection
	GlobalSection(ProjectConfigurationPlatforms) = postSolution
		{1AC79A11-E2A1-44AB-B596-681A78784752}.Debug|x64.ActiveCfg = Debug|x64
		{1AC79A11-E2A1-44AB-B596-681A78784752}.Debug|x64.Build.0 = Debug|x64
		{1AC79A11-E2A1-44AB-B596-681A78784752}.Release|x64.ActiveCfg = Release|x64
		{1AC79A11-E2A1-44AB-B596-681A78784752}.Release|x64.Build.0 = Release|x64
		{27F35B8D-F2DC-4730-902A-539318F7EC73}.Debug|x64.ActiveCfg = Debug|x64
		{27F35B8D-F2DC-4730-902A-539318F7EC73}.Debug|x64.Build.0 = Debug|x64
		{27F35B8D-F2DC-4730-902A-539318F7EC73}.Release|x64.ActiveCfg = Release|x64
		{27F35B8D-F2DC-4730-902A-539318F7EC73}.Release|x64.Build.0 = Release|x64
	EndGlobalSection
	GlobalSection(SolutionProperties) = preSolution
		HideSolutionNode = FALSE
	EndGlobalSection
	GlobalSection(ExtensibilityGlobals) = postSolution
		SolutionGuid = {B023FA4F-364A-4324-AB1A-996F3AB4C27B}
	EndGlobalSection
EndGlobal
